
Microsoft Visual Studio Solution File, Format Version 12.00
# Visual Studio Version 17
VisualStudioVersion = 17.2.32616.157
MinimumVisualStudioVersion = 10.0.40219.1
Project("{FAE04EC0-301F-11D3-BF4B-00C04F79EFBC}") = "WpfApp18", "WpfApp18\WpfApp18.csproj", "{5E6152DC-9407-40D4-B262-BBDAD6DC8560}"
EndProject
Global
	GlobalSection(SolutionConfigurationPlatforms) = preSolution
		Debug|Any CPU = Debug|Any CPU
		Release|Any CPU = Release|Any CPU
	EndGlobalSection
	GlobalSection(ProjectConfigurationPlatforms) = postSolution
		{5E6152DC-9407-40D4-B262-BBDAD6DC8560}.Debug|Any CPU.ActiveCfg = Debug|Any CPU
		{5E6152DC-9407-40D4-B262-BBDAD6DC8560}.Debug|Any CPU.Build.0 = Debug|Any CPU
		{5E6152DC-9407-40D4-B262-BBDAD6DC8560}.Release|Any CPU.ActiveCfg = Release|Any CPU
		{5E6152DC-9407-40D4-B262-BBDAD6DC8560}.Release|Any CPU.Build.0 = Release|Any CPU
	EndGlobalSection
	GlobalSection(SolutionProperties) = preSolution
		HideSolutionNode = FALSE
	EndGlobalSection
	GlobalSection(ExtensibilityGlobals) = postSolution
		SolutionGuid = {DE5578F9-011E-4535-B50C-61CFADAFDB8E}
	EndGlobalSection
EndGlobal
